// !$*UTF8*$!
{
	archiveVersion = 1;
	classes = {
	};
	objectVersion = 50;
	objects = {

/* Begin PBXBuildFile section */
		49DA7749251DF22B0011B317 /* AppDelegate.swift in Sources */ = {isa = PBXBuildFile; fileRef = 49DA7748251DF22B0011B317 /* AppDelegate.swift */; };
		49DA774B251DF22B0011B317 /* SceneDelegate.swift in Sources */ = {isa = PBXBuildFile; fileRef = 49DA774A251DF22B0011B317 /* SceneDelegate.swift */; };
		49DA774D251DF22B0011B317 /* ViewController.swift in Sources */ = {isa = PBXBuildFile; fileRef = 49DA774C251DF22B0011B317 /* ViewController.swift */; };
		49DA7750251DF22B0011B317 /* Main.storyboard in Resources */ = {isa = PBXBuildFile; fileRef = 49DA774E251DF22B0011B317 /* Main.storyboard */; };
		49DA7752251DF22B0011B317 /* Assets.xcassets in Resources */ = {isa = PBXBuildFile; fileRef = 49DA7751251DF22B0011B317 /* Assets.xcassets */; };
		49DA7755251DF22B0011B317 /* LaunchScreen.storyboard in Resources */ = {isa = PBXBuildFile; fileRef = 49DA7753251DF22B0011B317 /* LaunchScreen.storyboard */; };
		49DA775E251DF2710011B317 /* VideoTrimmerThumb.swift in Sources */ = {isa = PBXBuildFile; fileRef = 49DA775C251DF2710011B317 /* VideoTrimmerThumb.swift */; };
		49DA775F251DF2710011B317 /* VideoTrimmer.swift in Sources */ = {isa = PBXBuildFile; fileRef = 49DA775D251DF2710011B317 /* VideoTrimmer.swift */; };
		49DA7761251DF4CB0011B317 /* SampleVideo.mp4 in Resources */ = {isa = PBXBuildFile; fileRef = 49DA7760251DF3920011B317 /* SampleVideo.mp4 */; };
/* End PBXBuildFile section */

/* Begin PBXFileReference section */
		49DA7745251DF22B0011B317 /* VideoTrimmerExample.app */ = {isa = PBXFileReference; explicitFileType = wrapper.application; includeInIndex = 0; path = VideoTrimmerExample.app; sourceTree = BUILT_PRODUCTS_DIR; };
		49DA7748251DF22B0011B317 /* AppDelegate.swift */ = {isa = PBXFileReference; lastKnownFileType = sourcecode.swift; path = AppDelegate.swift; sourceTree = "<group>"; };
		49DA774A251DF22B0011B317 /* SceneDelegate.swift */ = {isa = PBXFileReference; lastKnownFileType = sourcecode.swift; path = SceneDelegate.swift; sourceTree = "<group>"; };
		49DA774C251DF22B0011B317 /* ViewController.swift */ = {isa = PBXFileReference; lastKnownFileType = sourcecode.swift; path = ViewController.swift; sourceTree = "<group>"; };
		49DA774F251DF22B0011B317 /* Base */ = {isa = PBXFileReference; lastKnownFileType = file.storyboard; name = Base; path = Base.lproj/Main.storyboard; sourceTree = "<group>"; };
		49DA7751251DF22B0011B317 /* Assets.xcassets */ = {isa = PBXFileReference; lastKnownFileType = folder.assetcatalog; path = Assets.xcassets; sourceTree = "<group>"; };
		49DA7754251DF22B0011B317 /* Base */ = {isa = PBXFileReference; lastKnownFileType = file.storyboard; name = Base; path = Base.lproj/LaunchScreen.storyboard; sourceTree = "<group>"; };
		49DA7756251DF22B0011B317 /* Info.plist */ = {isa = PBXFileReference; lastKnownFileType = text.plist.xml; path = Info.plist; sourceTree = "<group>"; };
		49DA775C251DF2710011B317 /* VideoTrimmerThumb.swift */ = {isa = PBXFileReference; fileEncoding = 4; lastKnownFileType = sourcecode.swift; name = VideoTrimmerThumb.swift; path = ../../VideoTrimmerThumb.swift; sourceTree = "<group>"; };
		49DA775D251DF2710011B317 /* VideoTrimmer.swift */ = {isa = PBXFileReference; fileEncoding = 4; lastKnownFileType = sourcecode.swift; name = VideoTrimmer.swift; path = ../../VideoTrimmer.swift; sourceTree = "<group>"; };
		49DA7760251DF3920011B317 /* SampleVideo.mp4 */ = {isa = PBXFileReference; lastKnownFileType = file; path = SampleVideo.mp4; sourceTree = "<group>"; };
/* End PBXFileReference section */

/* Begin PBXFrameworksBuildPhase section */
		49DA7742251DF22B0011B317 /* Frameworks */ = {
			isa = PBXFrameworksBuildPhase;
			buildActionMask = 2147483647;
			files = (
			);
			runOnlyForDeploymentPostprocessing = 0;
		};
/* End PBXFrameworksBuildPhase section */

/* Begin PBXGroup section */
		49DA773C251DF22B0011B317 = {
			isa = PBXGroup;
			children = (
				49DA7747251DF22B0011B317 /* VideoTrimmerExample */,
				49DA7746251DF22B0011B317 /* Products */,
			);
			sourceTree = "<group>";
		};
		49DA7746251DF22B0011B317 /* Products */ = {
			isa = PBXGroup;
			children = (
				49DA7745251DF22B0011B317 /* VideoTrimmerExample.app */,
			);
			name = Products;
			sourceTree = "<group>";
		};
		49DA7747251DF22B0011B317 /* VideoTrimmerExample */ = {
			isa = PBXGroup;
			children = (
				49DA7760251DF3920011B317 /* SampleVideo.mp4 */,
				49DA775D251DF2710011B317 /* VideoTrimmer.swift */,
				49DA775C251DF2710011B317 /* VideoTrimmerThumb.swift */,
				49DA7748251DF22B0011B317 /* AppDelegate.swift */,
				49DA774A251DF22B0011B317 /* SceneDelegate.swift */,
				49DA774C251DF22B0011B317 /* ViewController.swift */,
				49DA774E251DF22B0011B317 /* Main.storyboard */,
				49DA7751251DF22B0011B317 /* Assets.xcassets */,
				49DA7753251DF22B0011B317 /* LaunchScreen.storyboard */,
				49DA7756251DF22B0011B317 /* Info.plist */,
			);
			path = VideoTrimmerExample;
			sourceTree = "<group>";
		};
/* End PBXGroup section */

/* Begin PBXNativeTarget section */
		49DA7744251DF22B0011B317 /* VideoTrimmerExample */ = {
			isa = PBXNativeTarget;
			buildConfigurationList = 49DA7759251DF22B0011B317 /* Build configuration list for PBXNativeTarget "VideoTrimmerExample" */;
			buildPhases = (
				49DA7741251DF22B0011B317 /* Sources */,
				49DA7742251DF22B0011B317 /* Frameworks */,
				49DA7743251DF22B0011B317 /* Resources */,
			);
			buildRules = (
			);
			dependencies = (
			);
			name = VideoTrimmerExample;
			productName = VideoTrimmerExample;
			productReference = 49DA7745251DF22B0011B317 /* VideoTrimmerExample.app */;
			productType = "com.apple.product-type.application";
		};
/* End PBXNativeTarget section */

/* Begin PBXProject section */
		49DA773D251DF22B0011B317 /* Project object */ = {
			isa = PBXProject;
			attributes = {
				LastSwiftUpdateCheck = 1170;
				LastUpgradeCheck = 1170;
				ORGANIZATIONNAME = AveApps;
				TargetAttributes = {
					49DA7744251DF22B0011B317 = {
						CreatedOnToolsVersion = 11.7;
					};
				};
			};
			buildConfigurationList = 49DA7740251DF22B0011B317 /* Build configuration list for PBXProject "VideoTrimmerExample" */;
			compatibilityVersion = "Xcode 9.3";
			developmentRegion = en;
			hasScannedForEncodings = 0;
			knownRegions = (
				en,
				Base,
			);
			mainGroup = 49DA773C251DF22B0011B317;
			productRefGroup = 49DA7746251DF22B0011B317 /* Products */;
			projectDirPath = "";
			projectRoot = "";
			targets = (
				49DA7744251DF22B0011B317 /* VideoTrimmerExample */,
			);
		};
/* End PBXProject section */

/* Begin PBXResourcesBuildPhase section */
		49DA7743251DF22B0011B317 /* Resources */ = {
			isa = PBXResourcesBuildPhase;
			buildActionMask = 2147483647;
			files = (
				49DA7755251DF22B0011B317 /* LaunchScreen.storyboard in Resources */,
				49DA7752251DF22B0011B317 /* Assets.xcassets in Resources */,
				49DA7750251DF22B0011B317 /* Main.storyboard in Resources */,
				49DA7761251DF4CB0011B317 /* SampleVideo.mp4 in Resources */,
			);
			runOnlyForDeploymentPostprocessing = 0;
		};
/* End PBXResourcesBuildPhase section */

/* Begin PBXSourcesBuildPhase section */
		49DA7741251DF22B0011B317 /* Sources */ = {
			isa = PBXSourcesBuildPhase;
			buildActionMask = 2147483647;
			files = (
				49DA775F251DF2710011B317 /* VideoTrimmer.swift in Sources */,
				49DA774D251DF22B0011B317 /* ViewController.swift in Sources */,
				49DA775E251DF2710011B317 /* VideoTrimmerThumb.swift in Sources */,
				49DA7749251DF22B0011B317 /* AppDelegate.swift in Sources */,
				49DA774B251DF22B0011B317 /* SceneDelegate.swift in Sources */,
			);
			runOnlyForDeploymentPostprocessing = 0;
		};
/* End PBXSourcesBuildPhase section */

/* Begin PBXVariantGroup section */
		49DA774E251DF22B0011B317 /* Main.storyboard */ = {
			isa = PBXVariantGroup;
			children = (
				49DA774F251DF22B0011B317 /* Base */,
			);
			name = Main.storyboard;
			sourceTree = "<group>";
		};
		49DA7753251DF22B0011B317 /* LaunchScreen.storyboard */ = {
			isa = PBXVariantGroup;
			children = (
				49DA7754251DF22B0011B317 /* Base */,
			);
			name = LaunchScreen.storyboard;
			sourceTree = "<group>";
		};
/* End PBXVariantGroup section */

/* Begin XCBuildConfiguration section */
		49DA7757251DF22B0011B317 /* Debug */ = {
			isa = XCBuildConfiguration;
			buildSettings = {
				ALWAYS_SEARCH_USER_PATHS = NO;
				CLANG_ANALYZER_NONNULL = YES;
				CLANG_ANALYZER_NUMBER_OBJECT_CONVERSION = YES_AGGRESSIVE;
				CLANG_CXX_LANGUAGE_STANDARD = "gnu++14";
				CLANG_CXX_LIBRARY = "libc++";
				CLANG_ENABLE_MODULES = YES;
				CLANG_ENABLE_OBJC_ARC = YES;
				CLANG_ENABLE_OBJC_WEAK = YES;
				CLANG_WARN_BLOCK_CAPTURE_AUTORELEASING = YES;
				CLANG_WARN_BOOL_CONVERSION = YES;
				CLANG_WARN_COMMA = YES;
				CLANG_WARN_CONSTANT_CONVERSION = YES;
				CLANG_WARN_DEPRECATED_OBJC_IMPLEMENTATIONS = YES;
				CLANG_WARN_DIRECT_OBJC_ISA_USAGE = YES_ERROR;
				CLANG_WARN_DOCUMENTATION_COMMENTS = YES;
				CLANG_WARN_EMPTY_BODY = YES;
				CLANG_WARN_ENUM_CONVERSION = YES;
				CLANG_WARN_INFINITE_RECURSION = YES;
				CLANG_WARN_INT_CONVERSION = YES;
				CLANG_WARN_NON_LITERAL_NULL_CONVERSION = YES;
				CLANG_WARN_OBJC_IMPLICIT_RETAIN_SELF = YES;
				CLANG_WARN_OBJC_LITERAL_CONVERSION = YES;
				CLANG_WARN_OBJC_ROOT_CLASS = YES_ERROR;
				CLANG_WARN_RANGE_LOOP_ANALYSIS = YES;
				CLANG_WARN_STRICT_PROTOTYPES = YES;
				CLANG_WARN_SUSPICIOUS_MOVE = YES;
				CLANG_WARN_UNGUARDED_AVAILABILITY = YES_AGGRESSIVE;
				CLANG_WARN_UNREACHABLE_CODE = YES;
				CLANG_WARN__DUPLICATE_METHOD_MATCH = YES;
				COPY_PHASE_STRIP = NO;
				DEBUG_INFORMATION_FORMAT = dwarf;
				ENABLE_STRICT_OBJC_MSGSEND = YES;
				ENABLE_TESTABILITY = YES;
				GCC_C_LANGUAGE_STANDARD = gnu11;
				GCC_DYNAMIC_NO_PIC = NO;
				GCC_NO_COMMON_BLOCKS = YES;
				GCC_OPTIMIZATION_LEVEL = 0;
				GCC_PREPROCESSOR_DEFINITIONS = (
					"DEBUG=1",
					"$(inherited)",
				);
				GCC_WARN_64_TO_32_BIT_CONVERSION = YES;
				GCC_WARN_ABOUT_RETURN_TYPE = YES_ERROR;
				GCC_WARN_UNDECLARED_SELECTOR = YES;
				GCC_WARN_UNINITIALIZED_AUTOS = YES_AGGRESSIVE;
				GCC_WARN_UNUSED_FUNCTION = YES;
				GCC_WARN_UNUSED_VARIABLE = YES;
				IPHONEOS_DEPLOYMENT_TARGET = 13.7;
				MTL_ENABLE_DEBUG_INFO = INCLUDE_SOURCE;
				MTL_FAST_MATH = YES;
				ONLY_ACTIVE_ARCH = YES;
				SDKROOT = iphoneos;
				SWIFT_ACTIVE_COMPILATION_CONDITIONS = DEBUG;
				SWIFT_OPTIMIZATION_LEVEL = "-Onone";
			};
			name = Debug;
		};
		49DA7758251DF22B0011B317 /* Release */ = {
			isa = XCBuildConfiguration;
			buildSettings = {
				ALWAYS_SEARCH_USER_PATHS = NO;
				CLANG_ANALYZER_NONNULL = YES;
				CLANG_ANALYZER_NUMBER_OBJECT_CONVERSION = YES_AGGRESSIVE;
				CLANG_CXX_LANGUAGE_STANDARD = "gnu++14";
				CLANG_CXX_LIBRARY = "libc++";
				CLANG_ENABLE_MODULES = YES;
				CLANG_ENABLE_OBJC_ARC = YES;
				CLANG_ENABLE_OBJC_WEAK = YES;
				CLANG_WARN_BLOCK_CAPTURE_AUTORELEASING = YES;
				CLANG_WARN_BOOL_CONVERSION = YES;
				CLANG_WARN_COMMA = YES;
				CLANG_WARN_CONSTANT_CONVERSION = YES;
				CLANG_WARN_DEPRECATED_OBJC_IMPLEMENTATIONS = YES;
				CLANG_WARN_DIRECT_OBJC_ISA_USAGE = YES_ERROR;
				CLANG_WARN_DOCUMENTATION_COMMENTS = YES;
				CLANG_WARN_EMPTY_BODY = YES;
				CLANG_WARN_ENUM_CONVERSION = YES;
				CLANG_WARN_INFINITE_RECURSION = YES;
				CLANG_WARN_INT_CONVERSION = YES;
				CLANG_WARN_NON_LITERAL_NULL_CONVERSION = YES;
				CLANG_WARN_OBJC_IMPLICIT_RETAIN_SELF = YES;
				CLANG_WARN_OBJC_LITERAL_CONVERSION = YES;
				CLANG_WARN_OBJC_ROOT_CLASS = YES_ERROR;
				CLANG_WARN_RANGE_LOOP_ANALYSIS = YES;
				CLANG_WARN_STRICT_PROTOTYPES = YES;
				CLANG_WARN_SUSPICIOUS_MOVE = YES;
				CLANG_WARN_UNGUARDED_AVAILABILITY = YES_AGGRESSIVE;
				CLANG_WARN_UNREACHABLE_CODE = YES;
				CLANG_WARN__DUPLICATE_METHOD_MATCH = YES;
				COPY_PHASE_STRIP = NO;
				DEBUG_INFORMATION_FORMAT = "dwarf-with-dsym";
				ENABLE_NS_ASSERTIONS = NO;
				ENABLE_STRICT_OBJC_MSGSEND = YES;
				GCC_C_LANGUAGE_STANDARD = gnu11;
				GCC_NO_COMMON_BLOCKS = YES;
				GCC_WARN_64_TO_32_BIT_CONVERSION = YES;
				GCC_WARN_ABOUT_RETURN_TYPE = YES_ERROR;
				GCC_WARN_UNDECLARED_SELECTOR = YES;
				GCC_WARN_UNINITIALIZED_AUTOS = YES_AGGRESSIVE;
				GCC_WARN_UNUSED_FUNCTION = YES;
				GCC_WARN_UNUSED_VARIABLE = YES;
				IPHONEOS_DEPLOYMENT_TARGET = 13.7;
				MTL_ENABLE_DEBUG_INFO = NO;
				MTL_FAST_MATH = YES;
				SDKROOT = iphoneos;
				SWIFT_COMPILATION_MODE = wholemodule;
				SWIFT_OPTIMIZATION_LEVEL = "-O";
				VALIDATE_PRODUCT = YES;
			};
			name = Release;
		};
		49DA775A251DF22B0011B317 /* Debug */ = {
			isa = XCBuildConfiguration;
			buildSettings = {
				ASSETCATALOG_COMPILER_APPICON_NAME = AppIcon;
				CODE_SIGN_STYLE = Automatic;
				DEVELOPMENT_TEAM = P4CZV2X6XB;
				INFOPLIST_FILE = VideoTrimmerExample/Info.plist;
				LD_RUNPATH_SEARCH_PATHS = (
					"$(inherited)",
					"@executable_path/Frameworks",
				);
				PRODUCT_BUNDLE_IDENTIFIER = com.aveapps.test.VideoTrimmerExample;
				PRODUCT_NAME = "$(TARGET_NAME)";
				SWIFT_VERSION = 5.0;
				TARGETED_DEVICE_FAMILY = "1,2";
			};
			name = Debug;
		};
		49DA775B251DF22B0011B317 /* Release */ = {
			isa = XCBuildConfiguration;
			buildSettings = {
				ASSETCATALOG_COMPILER_APPICON_NAME = AppIcon;
				CODE_SIGN_STYLE = Automatic;
				DEVELOPMENT_TEAM = P4CZV2X6XB;
				INFOPLIST_FILE = VideoTrimmerExample/Info.plist;
				LD_RUNPATH_SEARCH_PATHS = (
					"$(inherited)",
					"@executable_path/Frameworks",
				);
				PRODUCT_BUNDLE_IDENTIFIER = com.aveapps.test.VideoTrimmerExample;
				PRODUCT_NAME = "$(TARGET_NAME)";
				SWIFT_VERSION = 5.0;
				TARGETED_DEVICE_FAMILY = "1,2";
			};
			name = Release;
		};
/* End XCBuildConfiguration section */

/* Begin XCConfigurationList section */
		49DA7740251DF22B0011B317 /* Build configuration list for PBXProject "VideoTrimmerExample" */ = {
			isa = XCConfigurationList;
			buildConfigurations = (
				49DA7757251DF22B0011B317 /* Debug */,
				49DA7758251DF22B0011B317 /* Release */,
			);
			defaultConfigurationIsVisible = 0;
			defaultConfigurationName = Release;
		};
		49DA7759251DF22B0011B317 /* Build configuration list for PBXNativeTarget "VideoTrimmerExample" */ = {
			isa = XCConfigurationList;
			buildConfigurations = (
				49DA775A251DF22B0011B317 /* Debug */,
				49DA775B251DF22B0011B317 /* Release */,
			);
			defaultConfigurationIsVisible = 0;
			defaultConfigurationName = Release;
		};
/* End XCConfigurationList section */
	};
	rootObject = 49DA773D251DF22B0011B317 /* Project object */;
}
